// !$*UTF8*$!
{
	archiveVersion = 1;
	classes = {
	};
	objectVersion = 56;
	objects = {

/* Begin PBXBuildFile section */
		D65EDCD02C692F9300FF0A5C /* PasswordApp.swift in Sources */ = {isa = PBXBuildFile; fileRef = D65EDCCF2C692F9300FF0A5C /* PasswordApp.swift */; };
		D65EDCD22C692F9300FF0A5C /* ContentView.swift in Sources */ = {isa = PBXBuildFile; fileRef = D65EDCD12C692F9300FF0A5C /* ContentView.swift */; };
		D65EDCD42C692F9500FF0A5C /* Assets.xcassets in Resources */ = {isa = PBXBuildFile; fileRef = D65EDCD32C692F9500FF0A5C /* Assets.xcassets */; };
		D65EDCD72C692F9500FF0A5C /* Preview Assets.xcassets in Resources */ = {isa = PBXBuildFile; fileRef = D65EDCD62C692F9500FF0A5C /* Preview Assets.xcassets */; };
		D65EDCE12C692F9500FF0A5C /* PasswordTests.swift in Sources */ = {isa = PBXBuildFile; fileRef = D65EDCE02C692F9500FF0A5C /* PasswordTests.swift */; };
		D65EDCEB2C692F9500FF0A5C /* PasswordUITests.swift in Sources */ = {isa = PBXBuildFile; fileRef = D65EDCEA2C692F9500FF0A5C /* PasswordUITests.swift */; };
		D65EDCED2C692F9500FF0A5C /* PasswordUITestsLaunchTests.swift in Sources */ = {isa = PBXBuildFile; fileRef = D65EDCEC2C692F9500FF0A5C /* PasswordUITestsLaunchTests.swift */; };
		D65EDCFB2C692FDC00FF0A5C /* PasswordChangeView.swift in Sources */ = {isa = PBXBuildFile; fileRef = D65EDCFA2C692FDC00FF0A5C /* PasswordChangeView.swift */; };
		D65EDCFD2C692FF500FF0A5C /* PasswordRulesView.swift in Sources */ = {isa = PBXBuildFile; fileRef = D65EDCFC2C692FF500FF0A5C /* PasswordRulesView.swift */; };
/* End PBXBuildFile section */

/* Begin PBXContainerItemProxy section */
		D65EDCDD2C692F9500FF0A5C /* PBXContainerItemProxy */ = {
			isa = PBXContainerItemProxy;
			containerPortal = D65EDCC42C692F9300FF0A5C /* Project object */;
			proxyType = 1;
			remoteGlobalIDString = D65EDCCB2C692F9300FF0A5C;
			remoteInfo = Password;
		};
		D65EDCE72C692F9500FF0A5C /* PBXContainerItemProxy */ = {
			isa = PBXContainerItemProxy;
			containerPortal = D65EDCC42C692F9300FF0A5C /* Project object */;
			proxyType = 1;
			remoteGlobalIDString = D65EDCCB2C692F9300FF0A5C;
			remoteInfo = Password;
		};
/* End PBXContainerItemProxy section */

/* Begin PBXFileReference section */
		D65EDCCC2C692F9300FF0A5C /* Password.app */ = {isa = PBXFileReference; explicitFileType = wrapper.application; includeInIndex = 0; path = Password.app; sourceTree = BUILT_PRODUCTS_DIR; };
		D65EDCCF2C692F9300FF0A5C /* PasswordApp.swift */ = {isa = PBXFileReference; lastKnownFileType = sourcecode.swift; path = PasswordApp.swift; sourceTree = "<group>"; };
		D65EDCD12C692F9300FF0A5C /* ContentView.swift */ = {isa = PBXFileReference; lastKnownFileType = sourcecode.swift; path = ContentView.swift; sourceTree = "<group>"; };
		D65EDCD32C692F9500FF0A5C /* Assets.xcassets */ = {isa = PBXFileReference; lastKnownFileType = folder.assetcatalog; path = Assets.xcassets; sourceTree = "<group>"; };
		D65EDCD62C692F9500FF0A5C /* Preview Assets.xcassets */ = {isa = PBXFileReference; lastKnownFileType = folder.assetcatalog; path = "Preview Assets.xcassets"; sourceTree = "<group>"; };
		D65EDCDC2C692F9500FF0A5C /* PasswordTests.xctest */ = {isa = PBXFileReference; explicitFileType = wrapper.cfbundle; includeInIndex = 0; path = PasswordTests.xctest; sourceTree = BUILT_PRODUCTS_DIR; };
		D65EDCE02C692F9500FF0A5C /* PasswordTests.swift */ = {isa = PBXFileReference; lastKnownFileType = sourcecode.swift; path = PasswordTests.swift; sourceTree = "<group>"; };
		D65EDCE62C692F9500FF0A5C /* PasswordUITests.xctest */ = {isa = PBXFileReference; explicitFileType = wrapper.cfbundle; includeInIndex = 0; path = PasswordUITests.xctest; sourceTree = BUILT_PRODUCTS_DIR; };
		D65EDCEA2C692F9500FF0A5C /* PasswordUITests.swift */ = {isa = PBXFileReference; lastKnownFileType = sourcecode.swift; path = PasswordUITests.swift; sourceTree = "<group>"; };
		D65EDCEC2C692F9500FF0A5C /* PasswordUITestsLaunchTests.swift */ = {isa = PBXFileReference; lastKnownFileType = sourcecode.swift; path = PasswordUITestsLaunchTests.swift; sourceTree = "<group>"; };
		D65EDCFA2C692FDC00FF0A5C /* PasswordChangeView.swift */ = {isa = PBXFileReference; lastKnownFileType = sourcecode.swift; path = PasswordChangeView.swift; sourceTree = "<group>"; };
		D65EDCFC2C692FF500FF0A5C /* PasswordRulesView.swift */ = {isa = PBXFileReference; lastKnownFileType = sourcecode.swift; path = PasswordRulesView.swift; sourceTree = "<group>"; };
/* End PBXFileReference section */

/* Begin PBXFrameworksBuildPhase section */
		D65EDCC92C692F9300FF0A5C /* Frameworks */ = {
			isa = PBXFrameworksBuildPhase;
			buildActionMask = 2147483647;
			files = (
			);
			runOnlyForDeploymentPostprocessing = 0;
		};
		D65EDCD92C692F9500FF0A5C /* Frameworks */ = {
			isa = PBXFrameworksBuildPhase;
			buildActionMask = 2147483647;
			files = (
			);
			runOnlyForDeploymentPostprocessing = 0;
		};
		D65EDCE32C692F9500FF0A5C /* Frameworks */ = {
			isa = PBXFrameworksBuildPhase;
			buildActionMask = 2147483647;
			files = (
			);
			runOnlyForDeploymentPostprocessing = 0;
		};
/* End PBXFrameworksBuildPhase section */

/* Begin PBXGroup section */
		D65EDCC32C692F9300FF0A5C = {
			isa = PBXGroup;
			children = (
				D65EDCCE2C692F9300FF0A5C /* Password */,
				D65EDCDF2C692F9500FF0A5C /* PasswordTests */,
				D65EDCE92C692F9500FF0A5C /* PasswordUITests */,
				D65EDCCD2C692F9300FF0A5C /* Products */,
			);
			sourceTree = "<group>";
		};
		D65EDCCD2C692F9300FF0A5C /* Products */ = {
			isa = PBXGroup;
			children = (
				D65EDCCC2C692F9300FF0A5C /* Password.app */,
				D65EDCDC2C692F9500FF0A5C /* PasswordTests.xctest */,
				D65EDCE62C692F9500FF0A5C /* PasswordUITests.xctest */,
			);
			name = Products;
			sourceTree = "<group>";
		};
		D65EDCCE2C692F9300FF0A5C /* Password */ = {
			isa = PBXGroup;
			children = (
				D65EDCF92C692FC400FF0A5C /* PasswordChange */,
				D65EDCCF2C692F9300FF0A5C /* PasswordApp.swift */,
				D65EDCD12C692F9300FF0A5C /* ContentView.swift */,
				D65EDCD32C692F9500FF0A5C /* Assets.xcassets */,
				D65EDCD52C692F9500FF0A5C /* Preview Content */,
			);
			path = Password;
			sourceTree = "<group>";
		};
		D65EDCD52C692F9500FF0A5C /* Preview Content */ = {
			isa = PBXGroup;
			children = (
				D65EDCD62C692F9500FF0A5C /* Preview Assets.xcassets */,
			);
			path = "Preview Content";
			sourceTree = "<group>";
		};
		D65EDCDF2C692F9500FF0A5C /* PasswordTests */ = {
			isa = PBXGroup;
			children = (
				D65EDCE02C692F9500FF0A5C /* PasswordTests.swift */,
			);
			path = PasswordTests;
			sourceTree = "<group>";
		};
		D65EDCE92C692F9500FF0A5C /* PasswordUITests */ = {
			isa = PBXGroup;
			children = (
				D65EDCEA2C692F9500FF0A5C /* PasswordUITests.swift */,
				D65EDCEC2C692F9500FF0A5C /* PasswordUITestsLaunchTests.swift */,
			);
			path = PasswordUITests;
			sourceTree = "<group>";
		};
		D65EDCF92C692FC400FF0A5C /* PasswordChange */ = {
			isa = PBXGroup;
			children = (
				D65EDCFA2C692FDC00FF0A5C /* PasswordChangeView.swift */,
				D65EDCFC2C692FF500FF0A5C /* PasswordRulesView.swift */,
			);
			path = PasswordChange;
			sourceTree = "<group>";
		};
/* End PBXGroup section */

/* Begin PBXNativeTarget section */
		D65EDCCB2C692F9300FF0A5C /* Password */ = {
			isa = PBXNativeTarget;
			buildConfigurationList = D65EDCF02C692F9500FF0A5C /* Build configuration list for PBXNativeTarget "Password" */;
			buildPhases = (
				D65EDCC82C692F9300FF0A5C /* Sources */,
				D65EDCC92C692F9300FF0A5C /* Frameworks */,
				D65EDCCA2C692F9300FF0A5C /* Resources */,
			);
			buildRules = (
			);
			dependencies = (
			);
			name = Password;
			productName = Password;
			productReference = D65EDCCC2C692F9300FF0A5C /* Password.app */;
			productType = "com.apple.product-type.application";
		};
		D65EDCDB2C692F9500FF0A5C /* PasswordTests */ = {
			isa = PBXNativeTarget;
			buildConfigurationList = D65EDCF32C692F9500FF0A5C /* Build configuration list for PBXNativeTarget "PasswordTests" */;
			buildPhases = (
				D65EDCD82C692F9500FF0A5C /* Sources */,
				D65EDCD92C692F9500FF0A5C /* Frameworks */,
				D65EDCDA2C692F9500FF0A5C /* Resources */,
			);
			buildRules = (
			);
			dependencies = (
				D65EDCDE2C692F9500FF0A5C /* PBXTargetDependency */,
			);
			name = PasswordTests;
			productName = PasswordTests;
			productReference = D65EDCDC2C692F9500FF0A5C /* PasswordTests.xctest */;
			productType = "com.apple.product-type.bundle.unit-test";
		};
		D65EDCE52C692F9500FF0A5C /* PasswordUITests */ = {
			isa = PBXNativeTarget;
			buildConfigurationList = D65EDCF62C692F9500FF0A5C /* Build configuration list for PBXNativeTarget "PasswordUITests" */;
			buildPhases = (
				D65EDCE22C692F9500FF0A5C /* Sources */,
				D65EDCE32C692F9500FF0A5C /* Frameworks */,
				D65EDCE42C692F9500FF0A5C /* Resources */,
			);
			buildRules = (
			);
			dependencies = (
				D65EDCE82C692F9500FF0A5C /* PBXTargetDependency */,
			);
			name = PasswordUITests;
			productName = PasswordUITests;
			productReference = D65EDCE62C692F9500FF0A5C /* PasswordUITests.xctest */;
			productType = "com.apple.product-type.bundle.ui-testing";
		};
/* End PBXNativeTarget section */

/* Begin PBXProject section */
		D65EDCC42C692F9300FF0A5C /* Project object */ = {
			isa = PBXProject;
			attributes = {
				BuildIndependentTargetsInParallel = 1;
				LastSwiftUpdateCheck = 1530;
				LastUpgradeCheck = 1530;
				TargetAttributes = {
					D65EDCCB2C692F9300FF0A5C = {
						CreatedOnToolsVersion = 15.3;
					};
					D65EDCDB2C692F9500FF0A5C = {
						CreatedOnToolsVersion = 15.3;
						TestTargetID = D65EDCCB2C692F9300FF0A5C;
					};
					D65EDCE52C692F9500FF0A5C = {
						CreatedOnToolsVersion = 15.3;
						TestTargetID = D65EDCCB2C692F9300FF0A5C;
					};
				};
			};
			buildConfigurationList = D65EDCC72C692F9300FF0A5C /* Build configuration list for PBXProject "Password" */;
			compatibilityVersion = "Xcode 14.0";
			developmentRegion = en;
			hasScannedForEncodings = 0;
			knownRegions = (
				en,
				Base,
			);
			mainGroup = D65EDCC32C692F9300FF0A5C;
			productRefGroup = D65EDCCD2C692F9300FF0A5C /* Products */;
			projectDirPath = "";
			projectRoot = "";
			targets = (
				D65EDCCB2C692F9300FF0A5C /* Password */,
				D65EDCDB2C692F9500FF0A5C /* PasswordTests */,
				D65EDCE52C692F9500FF0A5C /* PasswordUITests */,
			);
		};
/* End PBXProject section */

/* Begin PBXResourcesBuildPhase section */
		D65EDCCA2C692F9300FF0A5C /* Resources */ = {
			isa = PBXResourcesBuildPhase;
			buildActionMask = 2147483647;
			files = (
				D65EDCD72C692F9500FF0A5C /* Preview Assets.xcassets in Resources */,
				D65EDCD42C692F9500FF0A5C /* Assets.xcassets in Resources */,
			);
			runOnlyForDeploymentPostprocessing = 0;
		};
		D65EDCDA2C692F9500FF0A5C /* Resources */ = {
			isa = PBXResourcesBuildPhase;
			buildActionMask = 2147483647;
			files = (
			);
			runOnlyForDeploymentPostprocessing = 0;
		};
		D65EDCE42C692F9500FF0A5C /* Resources */ = {
			isa = PBXResourcesBuildPhase;
			buildActionMask = 2147483647;
			files = (
			);
			runOnlyForDeploymentPostprocessing = 0;
		};
/* End PBXResourcesBuildPhase section */

/* Begin PBXSourcesBuildPhase section */
		D65EDCC82C692F9300FF0A5C /* Sources */ = {
			isa = PBXSourcesBuildPhase;
			buildActionMask = 2147483647;
			files = (
				D65EDCD22C692F9300FF0A5C /* ContentView.swift in Sources */,
				D65EDCD02C692F9300FF0A5C /* PasswordApp.swift in Sources */,
				D65EDCFB2C692FDC00FF0A5C /* PasswordChangeView.swift in Sources */,
				D65EDCFD2C692FF500FF0A5C /* PasswordRulesView.swift in Sources */,
			);
			runOnlyForDeploymentPostprocessing = 0;
		};
		D65EDCD82C692F9500FF0A5C /* Sources */ = {
			isa = PBXSourcesBuildPhase;
			buildActionMask = 2147483647;
			files = (
				D65EDCE12C692F9500FF0A5C /* PasswordTests.swift in Sources */,
			);
			runOnlyForDeploymentPostprocessing = 0;
		};
		D65EDCE22C692F9500FF0A5C /* Sources */ = {
			isa = PBXSourcesBuildPhase;
			buildActionMask = 2147483647;
			files = (
				D65EDCED2C692F9500FF0A5C /* PasswordUITestsLaunchTests.swift in Sources */,
				D65EDCEB2C692F9500FF0A5C /* PasswordUITests.swift in Sources */,
			);
			runOnlyForDeploymentPostprocessing = 0;
		};
/* End PBXSourcesBuildPhase section */

/* Begin PBXTargetDependency section */
		D65EDCDE2C692F9500FF0A5C /* PBXTargetDependency */ = {
			isa = PBXTargetDependency;
			target = D65EDCCB2C692F9300FF0A5C /* Password */;
			targetProxy = D65EDCDD2C692F9500FF0A5C /* PBXContainerItemProxy */;
		};
		D65EDCE82C692F9500FF0A5C /* PBXTargetDependency */ = {
			isa = PBXTargetDependency;
			target = D65EDCCB2C692F9300FF0A5C /* Password */;
			targetProxy = D65EDCE72C692F9500FF0A5C /* PBXContainerItemProxy */;
		};
/* End PBXTargetDependency section */

/* Begin XCBuildConfiguration section */
		D65EDCEE2C692F9500FF0A5C /* Debug */ = {
			isa = XCBuildConfiguration;
			buildSettings = {
				ALWAYS_SEARCH_USER_PATHS = NO;
				ASSETCATALOG_COMPILER_GENERATE_SWIFT_ASSET_SYMBOL_EXTENSIONS = YES;
				CLANG_ANALYZER_NONNULL = YES;
				CLANG_ANALYZER_NUMBER_OBJECT_CONVERSION = YES_AGGRESSIVE;
				CLANG_CXX_LANGUAGE_STANDARD = "gnu++20";
				CLANG_ENABLE_MODULES = YES;
				CLANG_ENABLE_OBJC_ARC = YES;
				CLANG_ENABLE_OBJC_WEAK = YES;
				CLANG_WARN_BLOCK_CAPTURE_AUTORELEASING = YES;
				CLANG_WARN_BOOL_CONVERSION = YES;
				CLANG_WARN_COMMA = YES;
				CLANG_WARN_CONSTANT_CONVERSION = YES;
				CLANG_WARN_DEPRECATED_OBJC_IMPLEMENTATIONS = YES;
				CLANG_WARN_DIRECT_OBJC_ISA_USAGE = YES_ERROR;
				CLANG_WARN_DOCUMENTATION_COMMENTS = YES;
				CLANG_WARN_EMPTY_BODY = YES;
				CLANG_WARN_ENUM_CONVERSION = YES;
				CLANG_WARN_INFINITE_RECURSION = YES;
				CLANG_WARN_INT_CONVERSION = YES;
				CLANG_WARN_NON_LITERAL_NULL_CONVERSION = YES;
				CLANG_WARN_OBJC_IMPLICIT_RETAIN_SELF = YES;
				CLANG_WARN_OBJC_LITERAL_CONVERSION = YES;
				CLANG_WARN_OBJC_ROOT_CLASS = YES_ERROR;
				CLANG_WARN_QUOTED_INCLUDE_IN_FRAMEWORK_HEADER = YES;
				CLANG_WARN_RANGE_LOOP_ANALYSIS = YES;
				CLANG_WARN_STRICT_PROTOTYPES = YES;
				CLANG_WARN_SUSPICIOUS_MOVE = YES;
				CLANG_WARN_UNGUARDED_AVAILABILITY = YES_AGGRESSIVE;
				CLANG_WARN_UNREACHABLE_CODE = YES;
				CLANG_WARN__DUPLICATE_METHOD_MATCH = YES;
				COPY_PHASE_STRIP = NO;
				DEBUG_INFORMATION_FORMAT = dwarf;
				ENABLE_STRICT_OBJC_MSGSEND = YES;
				ENABLE_TESTABILITY = YES;
				ENABLE_USER_SCRIPT_SANDBOXING = YES;
				GCC_C_LANGUAGE_STANDARD = gnu17;
				GCC_DYNAMIC_NO_PIC = NO;
				GCC_NO_COMMON_BLOCKS = YES;
				GCC_OPTIMIZATION_LEVEL = 0;
				GCC_PREPROCESSOR_DEFINITIONS = (
					"DEBUG=1",
					"$(inherited)",
				);
				GCC_WARN_64_TO_32_BIT_CONVERSION = YES;
				GCC_WARN_ABOUT_RETURN_TYPE = YES_ERROR;
				GCC_WARN_UNDECLARED_SELECTOR = YES;
				GCC_WARN_UNINITIALIZED_AUTOS = YES_AGGRESSIVE;
				GCC_WARN_UNUSED_FUNCTION = YES;
				GCC_WARN_UNUSED_VARIABLE = YES;
				IPHONEOS_DEPLOYMENT_TARGET = 17.4;
				LOCALIZATION_PREFERS_STRING_CATALOGS = YES;
				MTL_ENABLE_DEBUG_INFO = INCLUDE_SOURCE;
				MTL_FAST_MATH = YES;
				ONLY_ACTIVE_ARCH = YES;
				SDKROOT = iphoneos;
				SWIFT_ACTIVE_COMPILATION_CONDITIONS = "DEBUG $(inherited)";
				SWIFT_OPTIMIZATION_LEVEL = "-Onone";
			};
			name = Debug;
		};
		D65EDCEF2C692F9500FF0A5C /* Release */ = {
			isa = XCBuildConfiguration;
			buildSettings = {
				ALWAYS_SEARCH_USER_PATHS = NO;
				ASSETCATALOG_COMPILER_GENERATE_SWIFT_ASSET_SYMBOL_EXTENSIONS = YES;
				CLANG_ANALYZER_NONNULL = YES;
				CLANG_ANALYZER_NUMBER_OBJECT_CONVERSION = YES_AGGRESSIVE;
				CLANG_CXX_LANGUAGE_STANDARD = "gnu++20";
				CLANG_ENABLE_MODULES = YES;
				CLANG_ENABLE_OBJC_ARC = YES;
				CLANG_ENABLE_OBJC_WEAK = YES;
				CLANG_WARN_BLOCK_CAPTURE_AUTORELEASING = YES;
				CLANG_WARN_BOOL_CONVERSION = YES;
				CLANG_WARN_COMMA = YES;
				CLANG_WARN_CONSTANT_CONVERSION = YES;
				CLANG_WARN_DEPRECATED_OBJC_IMPLEMENTATIONS = YES;
				CLANG_WARN_DIRECT_OBJC_ISA_USAGE = YES_ERROR;
				CLANG_WARN_DOCUMENTATION_COMMENTS = YES;
				CLANG_WARN_EMPTY_BODY = YES;
				CLANG_WARN_ENUM_CONVERSION = YES;
				CLANG_WARN_INFINITE_RECURSION = YES;
				CLANG_WARN_INT_CONVERSION = YES;
				CLANG_WARN_NON_LITERAL_NULL_CONVERSION = YES;
				CLANG_WARN_OBJC_IMPLICIT_RETAIN_SELF = YES;
				CLANG_WARN_OBJC_LITERAL_CONVERSION = YES;
				CLANG_WARN_OBJC_ROOT_CLASS = YES_ERROR;
				CLANG_WARN_QUOTED_INCLUDE_IN_FRAMEWORK_HEADER = YES;
				CLANG_WARN_RANGE_LOOP_ANALYSIS = YES;
				CLANG_WARN_STRICT_PROTOTYPES = YES;
				CLANG_WARN_SUSPICIOUS_MOVE = YES;
				CLANG_WARN_UNGUARDED_AVAILABILITY = YES_AGGRESSIVE;
				CLANG_WARN_UNREACHABLE_CODE = YES;
				CLANG_WARN__DUPLICATE_METHOD_MATCH = YES;
				COPY_PHASE_STRIP = NO;
				DEBUG_INFORMATION_FORMAT = "dwarf-with-dsym";
				ENABLE_NS_ASSERTIONS = NO;
				ENABLE_STRICT_OBJC_MSGSEND = YES;
				ENABLE_USER_SCRIPT_SANDBOXING = YES;
				GCC_C_LANGUAGE_STANDARD = gnu17;
				GCC_NO_COMMON_BLOCKS = YES;
				GCC_WARN_64_TO_32_BIT_CONVERSION = YES;
				GCC_WARN_ABOUT_RETURN_TYPE = YES_ERROR;
				GCC_WARN_UNDECLARED_SELECTOR = YES;
				GCC_WARN_UNINITIALIZED_AUTOS = YES_AGGRESSIVE;
				GCC_WARN_UNUSED_FUNCTION = YES;
				GCC_WARN_UNUSED_VARIABLE = YES;
				IPHONEOS_DEPLOYMENT_TARGET = 17.4;
				LOCALIZATION_PREFERS_STRING_CATALOGS = YES;
				MTL_ENABLE_DEBUG_INFO = NO;
				MTL_FAST_MATH = YES;
				SDKROOT = iphoneos;
				SWIFT_COMPILATION_MODE = wholemodule;
				VALIDATE_PRODUCT = YES;
			};
			name = Release;
		};
		D65EDCF12C692F9500FF0A5C /* Debug */ = {
			isa = XCBuildConfiguration;
			buildSettings = {
				ASSETCATALOG_COMPILER_APPICON_NAME = AppIcon;
				ASSETCATALOG_COMPILER_GLOBAL_ACCENT_COLOR_NAME = AccentColor;
				CODE_SIGN_STYLE = Automatic;
				CURRENT_PROJECT_VERSION = 1;
				DEVELOPMENT_ASSET_PATHS = "\"Password/Preview Content\"";
				DEVELOPMENT_TEAM = SHK53SAK7F;
				ENABLE_PREVIEWS = YES;
				GENERATE_INFOPLIST_FILE = YES;
				INFOPLIST_KEY_UIApplicationSceneManifest_Generation = YES;
				INFOPLIST_KEY_UIApplicationSupportsIndirectInputEvents = YES;
				INFOPLIST_KEY_UILaunchScreen_Generation = YES;
				INFOPLIST_KEY_UISupportedInterfaceOrientations_iPad = "UIInterfaceOrientationPortrait UIInterfaceOrientationPortraitUpsideDown UIInterfaceOrientationLandscapeLeft UIInterfaceOrientationLandscapeRight";
				INFOPLIST_KEY_UISupportedInterfaceOrientations_iPhone = "UIInterfaceOrientationPortrait UIInterfaceOrientationLandscapeLeft UIInterfaceOrientationLandscapeRight";
				LD_RUNPATH_SEARCH_PATHS = (
					"$(inherited)",
					"@executable_path/Frameworks",
				);
				MARKETING_VERSION = 1.0;
				PRODUCT_BUNDLE_IDENTIFIER = com.cihan.Password;
				PRODUCT_NAME = "$(TARGET_NAME)";
				SWIFT_EMIT_LOC_STRINGS = YES;
				SWIFT_VERSION = 5.0;
				TARGETED_DEVICE_FAMILY = "1,2";
			};
			name = Debug;
		};
		D65EDCF22C692F9500FF0A5C /* Release */ = {
			isa = XCBuildConfiguration;
			buildSettings = {
				ASSETCATALOG_COMPILER_APPICON_NAME = AppIcon;
				ASSETCATALOG_COMPILER_GLOBAL_ACCENT_COLOR_NAME = AccentColor;
				CODE_SIGN_STYLE = Automatic;
				CURRENT_PROJECT_VERSION = 1;
				DEVELOPMENT_ASSET_PATHS = "\"Password/Preview Content\"";
				DEVELOPMENT_TEAM = SHK53SAK7F;
				ENABLE_PREVIEWS = YES;
				GENERATE_INFOPLIST_FILE = YES;
				INFOPLIST_KEY_UIApplicationSceneManifest_Generation = YES;
				INFOPLIST_KEY_UIApplicationSupportsIndirectInputEvents = YES;
				INFOPLIST_KEY_UILaunchScreen_Generation = YES;
				INFOPLIST_KEY_UISupportedInterfaceOrientations_iPad = "UIInterfaceOrientationPortrait UIInterfaceOrientationPortraitUpsideDown UIInterfaceOrientationLandscapeLeft UIInterfaceOrientationLandscapeRight";
				INFOPLIST_KEY_UISupportedInterfaceOrientations_iPhone = "UIInterfaceOrientationPortrait UIInterfaceOrientationLandscapeLeft UIInterfaceOrientationLandscapeRight";
				LD_RUNPATH_SEARCH_PATHS = (
					"$(inherited)",
					"@executable_path/Frameworks",
				);
				MARKETING_VERSION = 1.0;
				PRODUCT_BUNDLE_IDENTIFIER = com.cihan.Password;
				PRODUCT_NAME = "$(TARGET_NAME)";
				SWIFT_EMIT_LOC_STRINGS = YES;
				SWIFT_VERSION = 5.0;
				TARGETED_DEVICE_FAMILY = "1,2";
			};
			name = Release;
		};
		D65EDCF42C692F9500FF0A5C /* Debug */ = {
			isa = XCBuildConfiguration;
			buildSettings = {
				ALWAYS_EMBED_SWIFT_STANDARD_LIBRARIES = YES;
				BUNDLE_LOADER = "$(TEST_HOST)";
				CODE_SIGN_STYLE = Automatic;
				CURRENT_PROJECT_VERSION = 1;
				DEVELOPMENT_TEAM = SHK53SAK7F;
				GENERATE_INFOPLIST_FILE = YES;
				IPHONEOS_DEPLOYMENT_TARGET = 17.4;
				MARKETING_VERSION = 1.0;
				PRODUCT_BUNDLE_IDENTIFIER = com.cihan.PasswordTests;
				PRODUCT_NAME = "$(TARGET_NAME)";
				SWIFT_EMIT_LOC_STRINGS = NO;
				SWIFT_VERSION = 5.0;
				TARGETED_DEVICE_FAMILY = "1,2";
				TEST_HOST = "$(BUILT_PRODUCTS_DIR)/Password.app/$(BUNDLE_EXECUTABLE_FOLDER_PATH)/Password";
			};
			name = Debug;
		};
		D65EDCF52C692F9500FF0A5C /* Release */ = {
			isa = XCBuildConfiguration;
			buildSettings = {
				ALWAYS_EMBED_SWIFT_STANDARD_LIBRARIES = YES;
				BUNDLE_LOADER = "$(TEST_HOST)";
				CODE_SIGN_STYLE = Automatic;
				CURRENT_PROJECT_VERSION = 1;
				DEVELOPMENT_TEAM = SHK53SAK7F;
				GENERATE_INFOPLIST_FILE = YES;
				IPHONEOS_DEPLOYMENT_TARGET = 17.4;
				MARKETING_VERSION = 1.0;
				PRODUCT_BUNDLE_IDENTIFIER = com.cihan.PasswordTests;
				PRODUCT_NAME = "$(TARGET_NAME)";
				SWIFT_EMIT_LOC_STRINGS = NO;
				SWIFT_VERSION = 5.0;
				TARGETED_DEVICE_FAMILY = "1,2";
				TEST_HOST = "$(BUILT_PRODUCTS_DIR)/Password.app/$(BUNDLE_EXECUTABLE_FOLDER_PATH)/Password";
			};
			name = Release;
		};
		D65EDCF72C692F9500FF0A5C /* Debug */ = {
			isa = XCBuildConfiguration;
			buildSettings = {
				ALWAYS_EMBED_SWIFT_STANDARD_LIBRARIES = YES;
				CODE_SIGN_STYLE = Automatic;
				CURRENT_PROJECT_VERSION = 1;
				DEVELOPMENT_TEAM = SHK53SAK7F;
				GENERATE_INFOPLIST_FILE = YES;
				MARKETING_VERSION = 1.0;
				PRODUCT_BUNDLE_IDENTIFIER = com.cihan.PasswordUITests;
				PRODUCT_NAME = "$(TARGET_NAME)";
				SWIFT_EMIT_LOC_STRINGS = NO;
				SWIFT_VERSION = 5.0;
				TARGETED_DEVICE_FAMILY = "1,2";
				TEST_TARGET_NAME = Password;
			};
			name = Debug;
		};
		D65EDCF82C692F9500FF0A5C /* Release */ = {
			isa = XCBuildConfiguration;
			buildSettings = {
				ALWAYS_EMBED_SWIFT_STANDARD_LIBRARIES = YES;
				CODE_SIGN_STYLE = Automatic;
				CURRENT_PROJECT_VERSION = 1;
				DEVELOPMENT_TEAM = SHK53SAK7F;
				GENERATE_INFOPLIST_FILE = YES;
				MARKETING_VERSION = 1.0;
				PRODUCT_BUNDLE_IDENTIFIER = com.cihan.PasswordUITests;
				PRODUCT_NAME = "$(TARGET_NAME)";
				SWIFT_EMIT_LOC_STRINGS = NO;
				SWIFT_VERSION = 5.0;
				TARGETED_DEVICE_FAMILY = "1,2";
				TEST_TARGET_NAME = Password;
			};
			name = Release;
		};
/* End XCBuildConfiguration section */

/* Begin XCConfigurationList section */
		D65EDCC72C692F9300FF0A5C /* Build configuration list for PBXProject "Password" */ = {
			isa = XCConfigurationList;
			buildConfigurations = (
				D65EDCEE2C692F9500FF0A5C /* Debug */,
				D65EDCEF2C692F9500FF0A5C /* Release */,
			);
			defaultConfigurationIsVisible = 0;
			defaultConfigurationName = Release;
		};
		D65EDCF02C692F9500FF0A5C /* Build configuration list for PBXNativeTarget "Password" */ = {
			isa = XCConfigurationList;
			buildConfigurations = (
				D65EDCF12C692F9500FF0A5C /* Debug */,
				D65EDCF22C692F9500FF0A5C /* Release */,
			);
			defaultConfigurationIsVisible = 0;
			defaultConfigurationName = Release;
		};
		D65EDCF32C692F9500FF0A5C /* Build configuration list for PBXNativeTarget "PasswordTests" */ = {
			isa = XCConfigurationList;
			buildConfigurations = (
				D65EDCF42C692F9500FF0A5C /* Debug */,
				D65EDCF52C692F9500FF0A5C /* Release */,
			);
			defaultConfigurationIsVisible = 0;
			defaultConfigurationName = Release;
		};
		D65EDCF62C692F9500FF0A5C /* Build configuration list for PBXNativeTarget "PasswordUITests" */ = {
			isa = XCConfigurationList;
			buildConfigurations = (
				D65EDCF72C692F9500FF0A5C /* Debug */,
				D65EDCF82C692F9500FF0A5C /* Release */,
			);
			defaultConfigurationIsVisible = 0;
			defaultConfigurationName = Release;
		};
/* End XCConfigurationList section */
	};
	rootObject = D65EDCC42C692F9300FF0A5C /* Project object */;
}
